// !$*UTF8*$!
{
	archiveVersion = 1;
	classes = {
	};
	objectVersion = 77;
	objects = {

/* Begin PBXContainerItemProxy section */
		07087F452D70B75000C662BB /* PBXContainerItemProxy */ = {
			isa = PBXContainerItemProxy;
			containerPortal = 07087F2C2D70B74E00C662BB /* Project object */;
			proxyType = 1;
			remoteGlobalIDString = 07087F332D70B74E00C662BB;
			remoteInfo = FinanceCalculator;
		};
		07087F4F2D70B75000C662BB /* PBXContainerItemProxy */ = {
			isa = PBXContainerItemProxy;
			containerPortal = 07087F2C2D70B74E00C662BB /* Project object */;
			proxyType = 1;
			remoteGlobalIDString = 07087F332D70B74E00C662BB;
			remoteInfo = FinanceCalculator;
		};
/* End PBXContainerItemProxy section */

/* Begin PBXFileReference section */
		07087F342D70B74E00C662BB /* FinanceCalculator.app */ = {isa = PBXFileReference; explicitFileType = wrapper.application; includeInIndex = 0; path = FinanceCalculator.app; sourceTree = BUILT_PRODUCTS_DIR; };
		07087F442D70B75000C662BB /* FinanceCalculatorTests.xctest */ = {isa = PBXFileReference; explicitFileType = wrapper.cfbundle; includeInIndex = 0; path = FinanceCalculatorTests.xctest; sourceTree = BUILT_PRODUCTS_DIR; };
		07087F4E2D70B75000C662BB /* FinanceCalculatorUITests.xctest */ = {isa = PBXFileReference; explicitFileType = wrapper.cfbundle; includeInIndex = 0; path = FinanceCalculatorUITests.xctest; sourceTree = BUILT_PRODUCTS_DIR; };
/* End PBXFileReference section */

/* Begin PBXFileSystemSynchronizedBuildFileExceptionSet section */
		079F57552D7221C700CA0B78 /* Exceptions for "FinanceCalculator" folder in "FinanceCalculator" target */ = {
			isa = PBXFileSystemSynchronizedBuildFileExceptionSet;
			membershipExceptions = (
				Info.plist,
			);
			target = 07087F332D70B74E00C662BB /* FinanceCalculator */;
		};
/* End PBXFileSystemSynchronizedBuildFileExceptionSet section */

/* Begin PBXFileSystemSynchronizedRootGroup section */
		07087F362D70B74E00C662BB /* FinanceCalculator */ = {
			isa = PBXFileSystemSynchronizedRootGroup;
			exceptions = (
				079F57552D7221C700CA0B78 /* Exceptions for "FinanceCalculator" folder in "FinanceCalculator" target */,
			);
			path = FinanceCalculator;
			sourceTree = "<group>";
		};
		07087F472D70B75000C662BB /* FinanceCalculatorTests */ = {
			isa = PBXFileSystemSynchronizedRootGroup;
			path = FinanceCalculatorTests;
			sourceTree = "<group>";
		};
		07087F512D70B75000C662BB /* FinanceCalculatorUITests */ = {
			isa = PBXFileSystemSynchronizedRootGroup;
			path = FinanceCalculatorUITests;
			sourceTree = "<group>";
		};
/* End PBXFileSystemSynchronizedRootGroup section */

/* Begin PBXFrameworksBuildPhase section */
		07087F312D70B74E00C662BB /* Frameworks */ = {
			isa = PBXFrameworksBuildPhase;
			buildActionMask = 2147483647;
			files = (
			);
			runOnlyForDeploymentPostprocessing = 0;
		};
		07087F412D70B75000C662BB /* Frameworks */ = {
			isa = PBXFrameworksBuildPhase;
			buildActionMask = 2147483647;
			files = (
			);
			runOnlyForDeploymentPostprocessing = 0;
		};
		07087F4B2D70B75000C662BB /* Frameworks */ = {
			isa = PBXFrameworksBuildPhase;
			buildActionMask = 2147483647;
			files = (
			);
			runOnlyForDeploymentPostprocessing = 0;
		};
/* End PBXFrameworksBuildPhase section */

/* Begin PBXGroup section */
		07087F2B2D70B74E00C662BB = {
			isa = PBXGroup;
			children = (
				07087F362D70B74E00C662BB /* FinanceCalculator */,
				07087F472D70B75000C662BB /* FinanceCalculatorTests */,
				07087F512D70B75000C662BB /* FinanceCalculatorUITests */,
				07087F352D70B74E00C662BB /* Products */,
			);
			sourceTree = "<group>";
		};
		07087F352D70B74E00C662BB /* Products */ = {
			isa = PBXGroup;
			children = (
				07087F342D70B74E00C662BB /* FinanceCalculator.app */,
				07087F442D70B75000C662BB /* FinanceCalculatorTests.xctest */,
				07087F4E2D70B75000C662BB /* FinanceCalculatorUITests.xctest */,
			);
			name = Products;
			sourceTree = "<group>";
		};
/* End PBXGroup section */

/* Begin PBXNativeTarget section */
		07087F332D70B74E00C662BB /* FinanceCalculator */ = {
			isa = PBXNativeTarget;
			buildConfigurationList = 07087F582D70B75100C662BB /* Build configuration list for PBXNativeTarget "FinanceCalculator" */;
			buildPhases = (
				07087F302D70B74E00C662BB /* Sources */,
				07087F312D70B74E00C662BB /* Frameworks */,
				07087F322D70B74E00C662BB /* Resources */,
			);
			buildRules = (
			);
			dependencies = (
			);
			fileSystemSynchronizedGroups = (
				07087F362D70B74E00C662BB /* FinanceCalculator */,
			);
			name = FinanceCalculator;
			packageProductDependencies = (
			);
			productName = FinanceCalculator;
			productReference = 07087F342D70B74E00C662BB /* FinanceCalculator.app */;
			productType = "com.apple.product-type.application";
		};
		07087F432D70B75000C662BB /* FinanceCalculatorTests */ = {
			isa = PBXNativeTarget;
			buildConfigurationList = 07087F5B2D70B75100C662BB /* Build configuration list for PBXNativeTarget "FinanceCalculatorTests" */;
			buildPhases = (
				07087F402D70B75000C662BB /* Sources */,
				07087F412D70B75000C662BB /* Frameworks */,
				07087F422D70B75000C662BB /* Resources */,
			);
			buildRules = (
			);
			dependencies = (
				07087F462D70B75000C662BB /* PBXTargetDependency */,
			);
			fileSystemSynchronizedGroups = (
				07087F472D70B75000C662BB /* FinanceCalculatorTests */,
			);
			name = FinanceCalculatorTests;
			packageProductDependencies = (
			);
			productName = FinanceCalculatorTests;
			productReference = 07087F442D70B75000C662BB /* FinanceCalculatorTests.xctest */;
			productType = "com.apple.product-type.bundle.unit-test";
		};
		07087F4D2D70B75000C662BB /* FinanceCalculatorUITests */ = {
			isa = PBXNativeTarget;
			buildConfigurationList = 07087F5E2D70B75100C662BB /* Build configuration list for PBXNativeTarget "FinanceCalculatorUITests" */;
			buildPhases = (
				07087F4A2D70B75000C662BB /* Sources */,
				07087F4B2D70B75000C662BB /* Frameworks */,
				07087F4C2D70B75000C662BB /* Resources */,
			);
			buildRules = (
			);
			dependencies = (
				07087F502D70B75000C662BB /* PBXTargetDependency */,
			);
			fileSystemSynchronizedGroups = (
				07087F512D70B75000C662BB /* FinanceCalculatorUITests */,
			);
			name = FinanceCalculatorUITests;
			packageProductDependencies = (
			);
			productName = FinanceCalculatorUITests;
			productReference = 07087F4E2D70B75000C662BB /* FinanceCalculatorUITests.xctest */;
			productType = "com.apple.product-type.bundle.ui-testing";
		};
/* End PBXNativeTarget section */

/* Begin PBXProject section */
		07087F2C2D70B74E00C662BB /* Project object */ = {
			isa = PBXProject;
			attributes = {
				BuildIndependentTargetsInParallel = 1;
				LastSwiftUpdateCheck = 1610;
				LastUpgradeCheck = 1610;
				TargetAttributes = {
					07087F332D70B74E00C662BB = {
						CreatedOnToolsVersion = 16.1;
					};
					07087F432D70B75000C662BB = {
						CreatedOnToolsVersion = 16.1;
						TestTargetID = 07087F332D70B74E00C662BB;
					};
					07087F4D2D70B75000C662BB = {
						CreatedOnToolsVersion = 16.1;
						TestTargetID = 07087F332D70B74E00C662BB;
					};
				};
			};
			buildConfigurationList = 07087F2F2D70B74E00C662BB /* Build configuration list for PBXProject "FinanceCalculator" */;
			developmentRegion = en;
			hasScannedForEncodings = 0;
			knownRegions = (
				en,
				Base,
			);
			mainGroup = 07087F2B2D70B74E00C662BB;
			minimizedProjectReferenceProxies = 1;
			preferredProjectObjectVersion = 77;
			productRefGroup = 07087F352D70B74E00C662BB /* Products */;
			projectDirPath = "";
			projectRoot = "";
			targets = (
				07087F332D70B74E00C662BB /* FinanceCalculator */,
				07087F432D70B75000C662BB /* FinanceCalculatorTests */,
				07087F4D2D70B75000C662BB /* FinanceCalculatorUITests */,
			);
		};
/* End PBXProject section */

/* Begin PBXResourcesBuildPhase section */
		07087F322D70B74E00C662BB /* Resources */ = {
			isa = PBXResourcesBuildPhase;
			buildActionMask = 2147483647;
			files = (
			);
			runOnlyForDeploymentPostprocessing = 0;
		};
		07087F422D70B75000C662BB /* Resources */ = {
			isa = PBXResourcesBuildPhase;
			buildActionMask = 2147483647;
			files = (
			);
			runOnlyForDeploymentPostprocessing = 0;
		};
		07087F4C2D70B75000C662BB /* Resources */ = {
			isa = PBXResourcesBuildPhase;
			buildActionMask = 2147483647;
			files = (
			);
			runOnlyForDeploymentPostprocessing = 0;
		};
/* End PBXResourcesBuildPhase section */

/* Begin PBXSourcesBuildPhase section */
		07087F302D70B74E00C662BB /* Sources */ = {
			isa = PBXSourcesBuildPhase;
			buildActionMask = 2147483647;
			files = (
			);
			runOnlyForDeploymentPostprocessing = 0;
		};
		07087F402D70B75000C662BB /* Sources */ = {
			isa = PBXSourcesBuildPhase;
			buildActionMask = 2147483647;
			files = (
			);
			runOnlyForDeploymentPostprocessing = 0;
		};
		07087F4A2D70B75000C662BB /* Sources */ = {
			isa = PBXSourcesBuildPhase;
			buildActionMask = 2147483647;
			files = (
			);
			runOnlyForDeploymentPostprocessing = 0;
		};
/* End PBXSourcesBuildPhase section */

/* Begin PBXTargetDependency section */
		07087F462D70B75000C662BB /* PBXTargetDependency */ = {
			isa = PBXTargetDependency;
			target = 07087F332D70B74E00C662BB /* FinanceCalculator */;
			targetProxy = 07087F452D70B75000C662BB /* PBXContainerItemProxy */;
		};
		07087F502D70B75000C662BB /* PBXTargetDependency */ = {
			isa = PBXTargetDependency;
			target = 07087F332D70B74E00C662BB /* FinanceCalculator */;
			targetProxy = 07087F4F2D70B75000C662BB /* PBXContainerItemProxy */;
		};
/* End PBXTargetDependency section */

/* Begin XCBuildConfiguration section */
		07087F562D70B75100C662BB /* Debug */ = {
			isa = XCBuildConfiguration;
			buildSettings = {
				ALWAYS_SEARCH_USER_PATHS = NO;
				ASSETCATALOG_COMPILER_GENERATE_SWIFT_ASSET_SYMBOL_EXTENSIONS = YES;
				CLANG_ANALYZER_NONNULL = YES;
				CLANG_ANALYZER_NUMBER_OBJECT_CONVERSION = YES_AGGRESSIVE;
				CLANG_CXX_LANGUAGE_STANDARD = "gnu++20";
				CLANG_ENABLE_MODULES = YES;
				CLANG_ENABLE_OBJC_ARC = YES;
				CLANG_ENABLE_OBJC_WEAK = YES;
				CLANG_WARN_BLOCK_CAPTURE_AUTORELEASING = YES;
				CLANG_WARN_BOOL_CONVERSION = YES;
				CLANG_WARN_COMMA = YES;
				CLANG_WARN_CONSTANT_CONVERSION = YES;
				CLANG_WARN_DEPRECATED_OBJC_IMPLEMENTATIONS = YES;
				CLANG_WARN_DIRECT_OBJC_ISA_USAGE = YES_ERROR;
				CLANG_WARN_DOCUMENTATION_COMMENTS = YES;
				CLANG_WARN_EMPTY_BODY = YES;
				CLANG_WARN_ENUM_CONVERSION = YES;
				CLANG_WARN_INFINITE_RECURSION = YES;
				CLANG_WARN_INT_CONVERSION = YES;
				CLANG_WARN_NON_LITERAL_NULL_CONVERSION = YES;
				CLANG_WARN_OBJC_IMPLICIT_RETAIN_SELF = YES;
				CLANG_WARN_OBJC_LITERAL_CONVERSION = YES;
				CLANG_WARN_OBJC_ROOT_CLASS = YES_ERROR;
				CLANG_WARN_QUOTED_INCLUDE_IN_FRAMEWORK_HEADER = YES;
				CLANG_WARN_RANGE_LOOP_ANALYSIS = YES;
				CLANG_WARN_STRICT_PROTOTYPES = YES;
				CLANG_WARN_SUSPICIOUS_MOVE = YES;
				CLANG_WARN_UNGUARDED_AVAILABILITY = YES_AGGRESSIVE;
				CLANG_WARN_UNREACHABLE_CODE = YES;
				CLANG_WARN__DUPLICATE_METHOD_MATCH = YES;
				COPY_PHASE_STRIP = NO;
				DEBUG_INFORMATION_FORMAT = dwarf;
				ENABLE_STRICT_OBJC_MSGSEND = YES;
				ENABLE_TESTABILITY = YES;
				ENABLE_USER_SCRIPT_SANDBOXING = YES;
				GCC_C_LANGUAGE_STANDARD = gnu17;
				GCC_DYNAMIC_NO_PIC = NO;
				GCC_NO_COMMON_BLOCKS = YES;
				GCC_OPTIMIZATION_LEVEL = 0;
				GCC_PREPROCESSOR_DEFINITIONS = (
					"DEBUG=1",
					"$(inherited)",
				);
				GCC_WARN_64_TO_32_BIT_CONVERSION = YES;
				GCC_WARN_ABOUT_RETURN_TYPE = YES_ERROR;
				GCC_WARN_UNDECLARED_SELECTOR = YES;
				GCC_WARN_UNINITIALIZED_AUTOS = YES_AGGRESSIVE;
				GCC_WARN_UNUSED_FUNCTION = YES;
				GCC_WARN_UNUSED_VARIABLE = YES;
				IPHONEOS_DEPLOYMENT_TARGET = 18.1;
				LOCALIZATION_PREFERS_STRING_CATALOGS = YES;
				MTL_ENABLE_DEBUG_INFO = INCLUDE_SOURCE;
				MTL_FAST_MATH = YES;
				ONLY_ACTIVE_ARCH = YES;
				SDKROOT = iphoneos;
				SWIFT_ACTIVE_COMPILATION_CONDITIONS = "DEBUG $(inherited)";
				SWIFT_OPTIMIZATION_LEVEL = "-Onone";
			};
			name = Debug;
		};
		07087F572D70B75100C662BB /* Release */ = {
			isa = XCBuildConfiguration;
			buildSettings = {
				ALWAYS_SEARCH_USER_PATHS = NO;
				ASSETCATALOG_COMPILER_GENERATE_SWIFT_ASSET_SYMBOL_EXTENSIONS = YES;
				CLANG_ANALYZER_NONNULL = YES;
				CLANG_ANALYZER_NUMBER_OBJECT_CONVERSION = YES_AGGRESSIVE;
				CLANG_CXX_LANGUAGE_STANDARD = "gnu++20";
				CLANG_ENABLE_MODULES = YES;
				CLANG_ENABLE_OBJC_ARC = YES;
				CLANG_ENABLE_OBJC_WEAK = YES;
				CLANG_WARN_BLOCK_CAPTURE_AUTORELEASING = YES;
				CLANG_WARN_BOOL_CONVERSION = YES;
				CLANG_WARN_COMMA = YES;
				CLANG_WARN_CONSTANT_CONVERSION = YES;
				CLANG_WARN_DEPRECATED_OBJC_IMPLEMENTATIONS = YES;
				CLANG_WARN_DIRECT_OBJC_ISA_USAGE = YES_ERROR;
				CLANG_WARN_DOCUMENTATION_COMMENTS = YES;
				CLANG_WARN_EMPTY_BODY = YES;
				CLANG_WARN_ENUM_CONVERSION = YES;
				CLANG_WARN_INFINITE_RECURSION = YES;
				CLANG_WARN_INT_CONVERSION = YES;
				CLANG_WARN_NON_LITERAL_NULL_CONVERSION = YES;
				CLANG_WARN_OBJC_IMPLICIT_RETAIN_SELF = YES;
				CLANG_WARN_OBJC_LITERAL_CONVERSION = YES;
				CLANG_WARN_OBJC_ROOT_CLASS = YES_ERROR;
				CLANG_WARN_QUOTED_INCLUDE_IN_FRAMEWORK_HEADER = YES;
				CLANG_WARN_RANGE_LOOP_ANALYSIS = YES;
				CLANG_WARN_STRICT_PROTOTYPES = YES;
				CLANG_WARN_SUSPICIOUS_MOVE = YES;
				CLANG_WARN_UNGUARDED_AVAILABILITY = YES_AGGRESSIVE;
				CLANG_WARN_UNREACHABLE_CODE = YES;
				CLANG_WARN__DUPLICATE_METHOD_MATCH = YES;
				COPY_PHASE_STRIP = NO;
				DEBUG_INFORMATION_FORMAT = "dwarf-with-dsym";
				ENABLE_NS_ASSERTIONS = NO;
				ENABLE_STRICT_OBJC_MSGSEND = YES;
				ENABLE_USER_SCRIPT_SANDBOXING = YES;
				GCC_C_LANGUAGE_STANDARD = gnu17;
				GCC_NO_COMMON_BLOCKS = YES;
				GCC_WARN_64_TO_32_BIT_CONVERSION = YES;
				GCC_WARN_ABOUT_RETURN_TYPE = YES_ERROR;
				GCC_WARN_UNDECLARED_SELECTOR = YES;
				GCC_WARN_UNINITIALIZED_AUTOS = YES_AGGRESSIVE;
				GCC_WARN_UNUSED_FUNCTION = YES;
				GCC_WARN_UNUSED_VARIABLE = YES;
				IPHONEOS_DEPLOYMENT_TARGET = 18.1;
				LOCALIZATION_PREFERS_STRING_CATALOGS = YES;
				MTL_ENABLE_DEBUG_INFO = NO;
				MTL_FAST_MATH = YES;
				SDKROOT = iphoneos;
				SWIFT_COMPILATION_MODE = wholemodule;
				VALIDATE_PRODUCT = YES;
			};
			name = Release;
		};
		07087F592D70B75100C662BB /* Debug */ = {
			isa = XCBuildConfiguration;
			buildSettings = {
				ASSETCATALOG_COMPILER_APPICON_NAME = AppIcon;
				ASSETCATALOG_COMPILER_GLOBAL_ACCENT_COLOR_NAME = AccentColor;
				CODE_SIGN_STYLE = Automatic;
				CURRENT_PROJECT_VERSION = 1;
				DEVELOPMENT_ASSET_PATHS = "\"FinanceCalculator/Preview Content\"";
				DEVELOPMENT_TEAM = 2WSS647FNG;
				ENABLE_PREVIEWS = YES;
				GENERATE_INFOPLIST_FILE = YES;
				INFOPLIST_FILE = FinanceCalculator/Info.plist;
				INFOPLIST_KEY_UIApplicationSceneManifest_Generation = YES;
				INFOPLIST_KEY_UIApplicationSupportsIndirectInputEvents = YES;
				INFOPLIST_KEY_UILaunchScreen_Generation = YES;
				INFOPLIST_KEY_UISupportedInterfaceOrientations_iPad = "UIInterfaceOrientationPortrait UIInterfaceOrientationPortraitUpsideDown UIInterfaceOrientationLandscapeLeft UIInterfaceOrientationLandscapeRight";
				INFOPLIST_KEY_UISupportedInterfaceOrientations_iPhone = "UIInterfaceOrientationPortrait UIInterfaceOrientationLandscapeLeft UIInterfaceOrientationLandscapeRight";
				LD_RUNPATH_SEARCH_PATHS = (
					"$(inherited)",
					"@executable_path/Frameworks",
				);
				MARKETING_VERSION = 1.0;
				PRODUCT_BUNDLE_IDENTIFIER = com.hasinithilakarathna.FinanceCalculator;
				PRODUCT_NAME = "$(TARGET_NAME)";
				SWIFT_EMIT_LOC_STRINGS = YES;
				SWIFT_VERSION = 5.0;
				TARGETED_DEVICE_FAMILY = "1,2";
			};
			name = Debug;
		};
		07087F5A2D70B75100C662BB /* Release */ = {
			isa = XCBuildConfiguration;
			buildSettings = {
				ASSETCATALOG_COMPILER_APPICON_NAME = AppIcon;
				ASSETCATALOG_COMPILER_GLOBAL_ACCENT_COLOR_NAME = AccentColor;
				CODE_SIGN_STYLE = Automatic;
				CURRENT_PROJECT_VERSION = 1;
				DEVELOPMENT_ASSET_PATHS = "\"FinanceCalculator/Preview Content\"";
				DEVELOPMENT_TEAM = 2WSS647FNG;
				ENABLE_PREVIEWS = YES;
				GENERATE_INFOPLIST_FILE = YES;
				INFOPLIST_FILE = FinanceCalculator/Info.plist;
				INFOPLIST_KEY_UIApplicationSceneManifest_Generation = YES;
				INFOPLIST_KEY_UIApplicationSupportsIndirectInputEvents = YES;
				INFOPLIST_KEY_UILaunchScreen_Generation = YES;
				INFOPLIST_KEY_UISupportedInterfaceOrientations_iPad = "UIInterfaceOrientationPortrait UIInterfaceOrientationPortraitUpsideDown UIInterfaceOrientationLandscapeLeft UIInterfaceOrientationLandscapeRight";
				INFOPLIST_KEY_UISupportedInterfaceOrientations_iPhone = "UIInterfaceOrientationPortrait UIInterfaceOrientationLandscapeLeft UIInterfaceOrientationLandscapeRight";
				LD_RUNPATH_SEARCH_PATHS = (
					"$(inherited)",
					"@executable_path/Frameworks",
				);
				MARKETING_VERSION = 1.0;
				PRODUCT_BUNDLE_IDENTIFIER = com.hasinithilakarathna.FinanceCalculator;
				PRODUCT_NAME = "$(TARGET_NAME)";
				SWIFT_EMIT_LOC_STRINGS = YES;
				SWIFT_VERSION = 5.0;
				TARGETED_DEVICE_FAMILY = "1,2";
			};
			name = Release;
		};
		07087F5C2D70B75100C662BB /* Debug */ = {
			isa = XCBuildConfiguration;
			buildSettings = {
				BUNDLE_LOADER = "$(TEST_HOST)";
				CODE_SIGN_STYLE = Automatic;
				CURRENT_PROJECT_VERSION = 1;
				GENERATE_INFOPLIST_FILE = YES;
				IPHONEOS_DEPLOYMENT_TARGET = 18.1;
				MARKETING_VERSION = 1.0;
				PRODUCT_BUNDLE_IDENTIFIER = com.hasinithilakarathna.FinanceCalculatorTests;
				PRODUCT_NAME = "$(TARGET_NAME)";
				SWIFT_EMIT_LOC_STRINGS = NO;
				SWIFT_VERSION = 5.0;
				TARGETED_DEVICE_FAMILY = "1,2";
				TEST_HOST = "$(BUILT_PRODUCTS_DIR)/FinanceCalculator.app/$(BUNDLE_EXECUTABLE_FOLDER_PATH)/FinanceCalculator";
			};
			name = Debug;
		};
		07087F5D2D70B75100C662BB /* Release */ = {
			isa = XCBuildConfiguration;
			buildSettings = {
				BUNDLE_LOADER = "$(TEST_HOST)";
				CODE_SIGN_STYLE = Automatic;
				CURRENT_PROJECT_VERSION = 1;
				GENERATE_INFOPLIST_FILE = YES;
				IPHONEOS_DEPLOYMENT_TARGET = 18.1;
				MARKETING_VERSION = 1.0;
				PRODUCT_BUNDLE_IDENTIFIER = com.hasinithilakarathna.FinanceCalculatorTests;
				PRODUCT_NAME = "$(TARGET_NAME)";
				SWIFT_EMIT_LOC_STRINGS = NO;
				SWIFT_VERSION = 5.0;
				TARGETED_DEVICE_FAMILY = "1,2";
				TEST_HOST = "$(BUILT_PRODUCTS_DIR)/FinanceCalculator.app/$(BUNDLE_EXECUTABLE_FOLDER_PATH)/FinanceCalculator";
			};
			name = Release;
		};
		07087F5F2D70B75100C662BB /* Debug */ = {
			isa = XCBuildConfiguration;
			buildSettings = {
				CODE_SIGN_STYLE = Automatic;
				CURRENT_PROJECT_VERSION = 1;
				GENERATE_INFOPLIST_FILE = YES;
				MARKETING_VERSION = 1.0;
				PRODUCT_BUNDLE_IDENTIFIER = com.hasinithilakarathna.FinanceCalculatorUITests;
				PRODUCT_NAME = "$(TARGET_NAME)";
				SWIFT_EMIT_LOC_STRINGS = NO;
				SWIFT_VERSION = 5.0;
				TARGETED_DEVICE_FAMILY = "1,2";
				TEST_TARGET_NAME = FinanceCalculator;
			};
			name = Debug;
		};
		07087F602D70B75100C662BB /* Release */ = {
			isa = XCBuildConfiguration;
			buildSettings = {
				CODE_SIGN_STYLE = Automatic;
				CURRENT_PROJECT_VERSION = 1;
				GENERATE_INFOPLIST_FILE = YES;
				MARKETING_VERSION = 1.0;
				PRODUCT_BUNDLE_IDENTIFIER = com.hasinithilakarathna.FinanceCalculatorUITests;
				PRODUCT_NAME = "$(TARGET_NAME)";
				SWIFT_EMIT_LOC_STRINGS = NO;
				SWIFT_VERSION = 5.0;
				TARGETED_DEVICE_FAMILY = "1,2";
				TEST_TARGET_NAME = FinanceCalculator;
			};
			name = Release;
		};
/* End XCBuildConfiguration section */

/* Begin XCConfigurationList section */
		07087F2F2D70B74E00C662BB /* Build configuration list for PBXProject "FinanceCalculator" */ = {
			isa = XCConfigurationList;
			buildConfigurations = (
				07087F562D70B75100C662BB /* Debug */,
				07087F572D70B75100C662BB /* Release */,
			);
			defaultConfigurationIsVisible = 0;
			defaultConfigurationName = Release;
		};
		07087F582D70B75100C662BB /* Build configuration list for PBXNativeTarget "FinanceCalculator" */ = {
			isa = XCConfigurationList;
			buildConfigurations = (
				07087F592D70B75100C662BB /* Debug */,
				07087F5A2D70B75100C662BB /* Release */,
			);
			defaultConfigurationIsVisible = 0;
			defaultConfigurationName = Release;
		};
		07087F5B2D70B75100C662BB /* Build configuration list for PBXNativeTarget "FinanceCalculatorTests" */ = {
			isa = XCConfigurationList;
			buildConfigurations = (
				07087F5C2D70B75100C662BB /* Debug */,
				07087F5D2D70B75100C662BB /* Release */,
			);
			defaultConfigurationIsVisible = 0;
			defaultConfigurationName = Release;
		};
		07087F5E2D70B75100C662BB /* Build configuration list for PBXNativeTarget "FinanceCalculatorUITests" */ = {
			isa = XCConfigurationList;
			buildConfigurations = (
				07087F5F2D70B75100C662BB /* Debug */,
				07087F602D70B75100C662BB /* Release */,
			);
			defaultConfigurationIsVisible = 0;
			defaultConfigurationName = Release;
		};
/* End XCConfigurationList section */
	};
	rootObject = 07087F2C2D70B74E00C662BB /* Project object */;
}
